
Microsoft Visual Studio Solution File, Format Version 12.00
# Visual Studio 2013
VisualStudioVersion = 12.0.30723.0
MinimumVisualStudioVersion = 10.0.40219.1
Project("{2150E333-8FDC-42A3-9474-1A3956D46DE8}") = "SharedApp", "SharedApp", "{3DD524F3-2E2A-450E-A847-9CE0B58CB011}"
EndProject
Project("{D954291E-2A0B-460D-934E-DC6B0785DB48}") = "Meditations.Shared", "Meditations\Meditations.Shared\Meditations.Shared.shproj", "{3AD6AC69-CBDA-4DC1-8739-5DF6E39C1D42}"
EndProject
Project("{262852C6-CD72-467D-83FE-5EEB1973A190}") = "Meditations.Windows", "Meditations\Meditations.Windows\Meditations.Windows.jsproj", "{AD165461-35EC-484E-AE5E-E241543BC8A9}"
EndProject
Project("{262852C6-CD72-467D-83FE-5EEB1973A190}") = "Meditations.WindowsPhone", "Meditations\Meditations.WindowsPhone\Meditations.WindowsPhone.jsproj", "{C71961E5-CA80-48EB-9AF8-2839E2A08E9D}"
EndProject
Project("{2150E333-8FDC-42A3-9474-1A3956D46DE8}") = "Solution Items", "Solution Items", "{EAD69300-BACD-45A9-8451-CAB5C7F884B6}"
	ProjectSection(SolutionItems) = preProject
		navigator4web.js = navigator4web.js
	EndProjectSection
EndProject
Global
	GlobalSection(SharedMSBuildProjectFiles) = preSolution
		Meditations\Meditations.Shared\Meditations.Shared.projitems*{3ad6ac69-cbda-4dc1-8739-5df6e39c1d42}*SharedItemsImports = 13
		Meditations\Meditations.Shared\Meditations.Shared.projitems*{c71961e5-ca80-48eb-9af8-2839e2a08e9d}*SharedItemsImports = 5
		Meditations\Meditations.Shared\Meditations.Shared.projitems*{ad165461-35ec-484e-ae5e-e241543bc8a9}*SharedItemsImports = 5
	EndGlobalSection
	GlobalSection(SolutionConfigurationPlatforms) = preSolution
		Debug|Android = Debug|Android
		Debug|Any CPU = Debug|Any CPU
		Debug|ARM = Debug|ARM
		Debug|iOS = Debug|iOS
		Debug|Mixed Platforms = Debug|Mixed Platforms
		Debug|Windows Phone = Debug|Windows Phone
		Debug|Windows-AnyCPU = Debug|Windows-AnyCPU
		Debug|Windows-ARM = Debug|Windows-ARM
		Debug|Windows-x64 = Debug|Windows-x64
		Debug|Windows-x86 = Debug|Windows-x86
		Debug|x64 = Debug|x64
		Debug|x86 = Debug|x86
		Distribution|Android = Distribution|Android
		Distribution|Any CPU = Distribution|Any CPU
		Distribution|ARM = Distribution|ARM
		Distribution|iOS = Distribution|iOS
		Distribution|Mixed Platforms = Distribution|Mixed Platforms
		Distribution|Windows Phone = Distribution|Windows Phone
		Distribution|Windows-AnyCPU = Distribution|Windows-AnyCPU
		Distribution|Windows-ARM = Distribution|Windows-ARM
		Distribution|Windows-x64 = Distribution|Windows-x64
		Distribution|Windows-x86 = Distribution|Windows-x86
		Distribution|x64 = Distribution|x64
		Distribution|x86 = Distribution|x86
		Release|Android = Release|Android
		Release|Any CPU = Release|Any CPU
		Release|ARM = Release|ARM
		Release|iOS = Release|iOS
		Release|Mixed Platforms = Release|Mixed Platforms
		Release|Windows Phone = Release|Windows Phone
		Release|Windows-AnyCPU = Release|Windows-AnyCPU
		Release|Windows-ARM = Release|Windows-ARM
		Release|Windows-x64 = Release|Windows-x64
		Release|Windows-x86 = Release|Windows-x86
		Release|x64 = Release|x64
		Release|x86 = Release|x86
	EndGlobalSection
	GlobalSection(ProjectConfigurationPlatforms) = postSolution
		{AD165461-35EC-484E-AE5E-E241543BC8A9}.Debug|Android.ActiveCfg = Debug|Any CPU
		{AD165461-35EC-484E-AE5E-E241543BC8A9}.Debug|Any CPU.ActiveCfg = Debug|Any CPU
		{AD165461-35EC-484E-AE5E-E241543BC8A9}.Debug|Any CPU.Build.0 = Debug|Any CPU
		{AD165461-35EC-484E-AE5E-E241543BC8A9}.Debug|Any CPU.Deploy.0 = Debug|Any CPU
		{AD165461-35EC-484E-AE5E-E241543BC8A9}.Debug|ARM.ActiveCfg = Debug|ARM
		{AD165461-35EC-484E-AE5E-E241543BC8A9}.Debug|ARM.Build.0 = Debug|ARM
		{AD165461-35EC-484E-AE5E-E241543BC8A9}.Debug|ARM.Deploy.0 = Debug|ARM
		{AD165461-35EC-484E-AE5E-E241543BC8A9}.Debug|iOS.ActiveCfg = Debug|Any CPU
		{AD165461-35EC-484E-AE5E-E241543BC8A9}.Debug|Mixed Platforms.ActiveCfg = Debug|x86
		{AD165461-35EC-484E-AE5E-E241543BC8A9}.Debug|Mixed Platforms.Build.0 = Debug|x86
		{AD165461-35EC-484E-AE5E-E241543BC8A9}.Debug|Mixed Platforms.Deploy.0 = Debug|x86
		{AD165461-35EC-484E-AE5E-E241543BC8A9}.Debug|Windows Phone.ActiveCfg = Debug|Any CPU
		{AD165461-35EC-484E-AE5E-E241543BC8A9}.Debug|Windows-AnyCPU.ActiveCfg = Debug|Any CPU
		{AD165461-35EC-484E-AE5E-E241543BC8A9}.Debug|Windows-AnyCPU.Build.0 = Debug|Any CPU
		{AD165461-35EC-484E-AE5E-E241543BC8A9}.Debug|Windows-AnyCPU.Deploy.0 = Debug|Any CPU
		{AD165461-35EC-484E-AE5E-E241543BC8A9}.Debug|Windows-ARM.ActiveCfg = Debug|Any CPU
		{AD165461-35EC-484E-AE5E-E241543BC8A9}.Debug|Windows-x64.ActiveCfg = Debug|Any CPU
		{AD165461-35EC-484E-AE5E-E241543BC8A9}.Debug|Windows-x86.ActiveCfg = Debug|Any CPU
		{AD165461-35EC-484E-AE5E-E241543BC8A9}.Debug|x64.ActiveCfg = Debug|x64
		{AD165461-35EC-484E-AE5E-E241543BC8A9}.Debug|x64.Build.0 = Debug|x64
		{AD165461-35EC-484E-AE5E-E241543BC8A9}.Debug|x64.Deploy.0 = Debug|x64
		{AD165461-35EC-484E-AE5E-E241543BC8A9}.Debug|x86.ActiveCfg = Debug|x86
		{AD165461-35EC-484E-AE5E-E241543BC8A9}.Debug|x86.Build.0 = Debug|x86
		{AD165461-35EC-484E-AE5E-E241543BC8A9}.Debug|x86.Deploy.0 = Debug|x86
		{AD165461-35EC-484E-AE5E-E241543BC8A9}.Distribution|Android.ActiveCfg = Debug|Any CPU
		{AD165461-35EC-484E-AE5E-E241543BC8A9}.Distribution|Any CPU.ActiveCfg = Debug|Any CPU
		{AD165461-35EC-484E-AE5E-E241543BC8A9}.Distribution|Any CPU.Build.0 = Debug|Any CPU
		{AD165461-35EC-484E-AE5E-E241543BC8A9}.Distribution|Any CPU.Deploy.0 = Debug|Any CPU
		{AD165461-35EC-484E-AE5E-E241543BC8A9}.Distribution|ARM.ActiveCfg = Debug|ARM
		{AD165461-35EC-484E-AE5E-E241543BC8A9}.Distribution|ARM.Build.0 = Debug|ARM
		{AD165461-35EC-484E-AE5E-E241543BC8A9}.Distribution|ARM.Deploy.0 = Debug|ARM
		{AD165461-35EC-484E-AE5E-E241543BC8A9}.Distribution|iOS.ActiveCfg = Debug|Any CPU
		{AD165461-35EC-484E-AE5E-E241543BC8A9}.Distribution|Mixed Platforms.ActiveCfg = Debug|x86
		{AD165461-35EC-484E-AE5E-E241543BC8A9}.Distribution|Mixed Platforms.Build.0 = Debug|x86
		{AD165461-35EC-484E-AE5E-E241543BC8A9}.Distribution|Mixed Platforms.Deploy.0 = Debug|x86
		{AD165461-35EC-484E-AE5E-E241543BC8A9}.Distribution|Windows Phone.ActiveCfg = Debug|Any CPU
		{AD165461-35EC-484E-AE5E-E241543BC8A9}.Distribution|Windows-AnyCPU.ActiveCfg = Debug|Any CPU
		{AD165461-35EC-484E-AE5E-E241543BC8A9}.Distribution|Windows-ARM.ActiveCfg = Debug|Any CPU
		{AD165461-35EC-484E-AE5E-E241543BC8A9}.Distribution|Windows-x64.ActiveCfg = Debug|Any CPU
		{AD165461-35EC-484E-AE5E-E241543BC8A9}.Distribution|Windows-x86.ActiveCfg = Debug|Any CPU
		{AD165461-35EC-484E-AE5E-E241543BC8A9}.Distribution|x64.ActiveCfg = Debug|x64
		{AD165461-35EC-484E-AE5E-E241543BC8A9}.Distribution|x64.Build.0 = Debug|x64
		{AD165461-35EC-484E-AE5E-E241543BC8A9}.Distribution|x64.Deploy.0 = Debug|x64
		{AD165461-35EC-484E-AE5E-E241543BC8A9}.Distribution|x86.ActiveCfg = Debug|x86
		{AD165461-35EC-484E-AE5E-E241543BC8A9}.Distribution|x86.Build.0 = Debug|x86
		{AD165461-35EC-484E-AE5E-E241543BC8A9}.Distribution|x86.Deploy.0 = Debug|x86
		{AD165461-35EC-484E-AE5E-E241543BC8A9}.Release|Android.ActiveCfg = Release|Any CPU
		{AD165461-35EC-484E-AE5E-E241543BC8A9}.Release|Any CPU.ActiveCfg = Release|Any CPU
		{AD165461-35EC-484E-AE5E-E241543BC8A9}.Release|Any CPU.Build.0 = Release|Any CPU
		{AD165461-35EC-484E-AE5E-E241543BC8A9}.Release|Any CPU.Deploy.0 = Release|Any CPU
		{AD165461-35EC-484E-AE5E-E241543BC8A9}.Release|ARM.ActiveCfg = Release|ARM
		{AD165461-35EC-484E-AE5E-E241543BC8A9}.Release|ARM.Build.0 = Release|ARM
		{AD165461-35EC-484E-AE5E-E241543BC8A9}.Release|ARM.Deploy.0 = Release|ARM
		{AD165461-35EC-484E-AE5E-E241543BC8A9}.Release|iOS.ActiveCfg = Release|Any CPU
		{AD165461-35EC-484E-AE5E-E241543BC8A9}.Release|Mixed Platforms.ActiveCfg = Release|x86
		{AD165461-35EC-484E-AE5E-E241543BC8A9}.Release|Mixed Platforms.Build.0 = Release|x86
		{AD165461-35EC-484E-AE5E-E241543BC8A9}.Release|Mixed Platforms.Deploy.0 = Release|x86
		{AD165461-35EC-484E-AE5E-E241543BC8A9}.Release|Windows Phone.ActiveCfg = Release|Any CPU
		{AD165461-35EC-484E-AE5E-E241543BC8A9}.Release|Windows-AnyCPU.ActiveCfg = Release|Any CPU
		{AD165461-35EC-484E-AE5E-E241543BC8A9}.Release|Windows-ARM.ActiveCfg = Release|Any CPU
		{AD165461-35EC-484E-AE5E-E241543BC8A9}.Release|Windows-x64.ActiveCfg = Release|Any CPU
		{AD165461-35EC-484E-AE5E-E241543BC8A9}.Release|Windows-x86.ActiveCfg = Release|Any CPU
		{AD165461-35EC-484E-AE5E-E241543BC8A9}.Release|x64.ActiveCfg = Release|x64
		{AD165461-35EC-484E-AE5E-E241543BC8A9}.Release|x64.Build.0 = Release|x64
		{AD165461-35EC-484E-AE5E-E241543BC8A9}.Release|x64.Deploy.0 = Release|x64
		{AD165461-35EC-484E-AE5E-E241543BC8A9}.Release|x86.ActiveCfg = Release|x86
		{AD165461-35EC-484E-AE5E-E241543BC8A9}.Release|x86.Build.0 = Release|x86
		{AD165461-35EC-484E-AE5E-E241543BC8A9}.Release|x86.Deploy.0 = Release|x86
		{C71961E5-CA80-48EB-9AF8-2839E2A08E9D}.Debug|Android.ActiveCfg = Debug|Any CPU
		{C71961E5-CA80-48EB-9AF8-2839E2A08E9D}.Debug|Any CPU.ActiveCfg = Debug|Any CPU
		{C71961E5-CA80-48EB-9AF8-2839E2A08E9D}.Debug|Any CPU.Build.0 = Debug|Any CPU
		{C71961E5-CA80-48EB-9AF8-2839E2A08E9D}.Debug|Any CPU.Deploy.0 = Debug|Any CPU
		{C71961E5-CA80-48EB-9AF8-2839E2A08E9D}.Debug|ARM.ActiveCfg = Debug|ARM
		{C71961E5-CA80-48EB-9AF8-2839E2A08E9D}.Debug|ARM.Build.0 = Debug|ARM
		{C71961E5-CA80-48EB-9AF8-2839E2A08E9D}.Debug|ARM.Deploy.0 = Debug|ARM
		{C71961E5-CA80-48EB-9AF8-2839E2A08E9D}.Debug|iOS.ActiveCfg = Debug|Any CPU
		{C71961E5-CA80-48EB-9AF8-2839E2A08E9D}.Debug|Mixed Platforms.ActiveCfg = Debug|x86
		{C71961E5-CA80-48EB-9AF8-2839E2A08E9D}.Debug|Mixed Platforms.Build.0 = Debug|x86
		{C71961E5-CA80-48EB-9AF8-2839E2A08E9D}.Debug|Mixed Platforms.Deploy.0 = Debug|x86
		{C71961E5-CA80-48EB-9AF8-2839E2A08E9D}.Debug|Windows Phone.ActiveCfg = Debug|Any CPU
		{C71961E5-CA80-48EB-9AF8-2839E2A08E9D}.Debug|Windows Phone.Build.0 = Debug|Any CPU
		{C71961E5-CA80-48EB-9AF8-2839E2A08E9D}.Debug|Windows Phone.Deploy.0 = Debug|Any CPU
		{C71961E5-CA80-48EB-9AF8-2839E2A08E9D}.Debug|Windows-AnyCPU.ActiveCfg = Debug|Any CPU
		{C71961E5-CA80-48EB-9AF8-2839E2A08E9D}.Debug|Windows-ARM.ActiveCfg = Debug|Any CPU
		{C71961E5-CA80-48EB-9AF8-2839E2A08E9D}.Debug|Windows-x64.ActiveCfg = Debug|Any CPU
		{C71961E5-CA80-48EB-9AF8-2839E2A08E9D}.Debug|Windows-x86.ActiveCfg = Debug|Any CPU
		{C71961E5-CA80-48EB-9AF8-2839E2A08E9D}.Debug|x64.ActiveCfg = Debug|Any CPU
		{C71961E5-CA80-48EB-9AF8-2839E2A08E9D}.Debug|x86.ActiveCfg = Debug|x86
		{C71961E5-CA80-48EB-9AF8-2839E2A08E9D}.Debug|x86.Build.0 = Debug|x86
		{C71961E5-CA80-48EB-9AF8-2839E2A08E9D}.Debug|x86.Deploy.0 = Debug|x86
		{C71961E5-CA80-48EB-9AF8-2839E2A08E9D}.Distribution|Android.ActiveCfg = Debug|Any CPU
		{C71961E5-CA80-48EB-9AF8-2839E2A08E9D}.Distribution|Any CPU.ActiveCfg = Debug|Any CPU
		{C71961E5-CA80-48EB-9AF8-2839E2A08E9D}.Distribution|Any CPU.Build.0 = Debug|Any CPU
		{C71961E5-CA80-48EB-9AF8-2839E2A08E9D}.Distribution|Any CPU.Deploy.0 = Debug|Any CPU
		{C71961E5-CA80-48EB-9AF8-2839E2A08E9D}.Distribution|ARM.ActiveCfg = Debug|ARM
		{C71961E5-CA80-48EB-9AF8-2839E2A08E9D}.Distribution|ARM.Build.0 = Debug|ARM
		{C71961E5-CA80-48EB-9AF8-2839E2A08E9D}.Distribution|ARM.Deploy.0 = Debug|ARM
		{C71961E5-CA80-48EB-9AF8-2839E2A08E9D}.Distribution|iOS.ActiveCfg = Debug|Any CPU
		{C71961E5-CA80-48EB-9AF8-2839E2A08E9D}.Distribution|Mixed Platforms.ActiveCfg = Debug|x86
		{C71961E5-CA80-48EB-9AF8-2839E2A08E9D}.Distribution|Mixed Platforms.Build.0 = Debug|x86
		{C71961E5-CA80-48EB-9AF8-2839E2A08E9D}.Distribution|Mixed Platforms.Deploy.0 = Debug|x86
		{C71961E5-CA80-48EB-9AF8-2839E2A08E9D}.Distribution|Windows Phone.ActiveCfg = Debug|Any CPU
		{C71961E5-CA80-48EB-9AF8-2839E2A08E9D}.Distribution|Windows-AnyCPU.ActiveCfg = Debug|Any CPU
		{C71961E5-CA80-48EB-9AF8-2839E2A08E9D}.Distribution|Windows-ARM.ActiveCfg = Debug|Any CPU
		{C71961E5-CA80-48EB-9AF8-2839E2A08E9D}.Distribution|Windows-x64.ActiveCfg = Debug|Any CPU
		{C71961E5-CA80-48EB-9AF8-2839E2A08E9D}.Distribution|Windows-x86.ActiveCfg = Debug|Any CPU
		{C71961E5-CA80-48EB-9AF8-2839E2A08E9D}.Distribution|x64.ActiveCfg = Debug|Any CPU
		{C71961E5-CA80-48EB-9AF8-2839E2A08E9D}.Distribution|x86.ActiveCfg = Debug|x86
		{C71961E5-CA80-48EB-9AF8-2839E2A08E9D}.Distribution|x86.Build.0 = Debug|x86
		{C71961E5-CA80-48EB-9AF8-2839E2A08E9D}.Distribution|x86.Deploy.0 = Debug|x86
		{C71961E5-CA80-48EB-9AF8-2839E2A08E9D}.Release|Android.ActiveCfg = Release|Any CPU
		{C71961E5-CA80-48EB-9AF8-2839E2A08E9D}.Release|Any CPU.ActiveCfg = Release|Any CPU
		{C71961E5-CA80-48EB-9AF8-2839E2A08E9D}.Release|Any CPU.Build.0 = Release|Any CPU
		{C71961E5-CA80-48EB-9AF8-2839E2A08E9D}.Release|Any CPU.Deploy.0 = Release|Any CPU
		{C71961E5-CA80-48EB-9AF8-2839E2A08E9D}.Release|ARM.ActiveCfg = Release|ARM
		{C71961E5-CA80-48EB-9AF8-2839E2A08E9D}.Release|ARM.Build.0 = Release|ARM
		{C71961E5-CA80-48EB-9AF8-2839E2A08E9D}.Release|ARM.Deploy.0 = Release|ARM
		{C71961E5-CA80-48EB-9AF8-2839E2A08E9D}.Release|iOS.ActiveCfg = Release|Any CPU
		{C71961E5-CA80-48EB-9AF8-2839E2A08E9D}.Release|Mixed Platforms.ActiveCfg = Release|x86
		{C71961E5-CA80-48EB-9AF8-2839E2A08E9D}.Release|Mixed Platforms.Build.0 = Release|x86
		{C71961E5-CA80-48EB-9AF8-2839E2A08E9D}.Release|Mixed Platforms.Deploy.0 = Release|x86
		{C71961E5-CA80-48EB-9AF8-2839E2A08E9D}.Release|Windows Phone.ActiveCfg = Release|Any CPU
		{C71961E5-CA80-48EB-9AF8-2839E2A08E9D}.Release|Windows-AnyCPU.ActiveCfg = Release|Any CPU
		{C71961E5-CA80-48EB-9AF8-2839E2A08E9D}.Release|Windows-ARM.ActiveCfg = Release|Any CPU
		{C71961E5-CA80-48EB-9AF8-2839E2A08E9D}.Release|Windows-x64.ActiveCfg = Release|Any CPU
		{C71961E5-CA80-48EB-9AF8-2839E2A08E9D}.Release|Windows-x86.ActiveCfg = Release|Any CPU
		{C71961E5-CA80-48EB-9AF8-2839E2A08E9D}.Release|x64.ActiveCfg = Release|Any CPU
		{C71961E5-CA80-48EB-9AF8-2839E2A08E9D}.Release|x86.ActiveCfg = Release|x86
		{C71961E5-CA80-48EB-9AF8-2839E2A08E9D}.Release|x86.Build.0 = Release|x86
		{C71961E5-CA80-48EB-9AF8-2839E2A08E9D}.Release|x86.Deploy.0 = Release|x86
	EndGlobalSection
	GlobalSection(SolutionProperties) = preSolution
		HideSolutionNode = FALSE
	EndGlobalSection
	GlobalSection(NestedProjects) = preSolution
		{3AD6AC69-CBDA-4DC1-8739-5DF6E39C1D42} = {3DD524F3-2E2A-450E-A847-9CE0B58CB011}
		{AD165461-35EC-484E-AE5E-E241543BC8A9} = {3DD524F3-2E2A-450E-A847-9CE0B58CB011}
		{C71961E5-CA80-48EB-9AF8-2839E2A08E9D} = {3DD524F3-2E2A-450E-A847-9CE0B58CB011}
	EndGlobalSection
	GlobalSection(CodealikeProperties) = postSolution
		SolutionGuid = d3dbba04-520d-458a-8b85-983ef0adcaab
	EndGlobalSection
EndGlobal
